// !$*UTF8*$!
{
	archiveVersion = 1;
	classes = {
	};
	objectVersion = 51;
	objects = {

/* Begin PBXBuildFile section */
		4E83A14A4339DEC7C1FAFCD7 /* Pods_Parstagram.framework in Frameworks */ = {isa = PBXBuildFile; fileRef = 597B78759594422CC900CDAE /* Pods_Parstagram.framework */; };
		644FF0D12649FC770075FBAF /* AppDelegate.swift in Sources */ = {isa = PBXBuildFile; fileRef = 644FF0D02649FC770075FBAF /* AppDelegate.swift */; };
		644FF0D32649FC770075FBAF /* SceneDelegate.swift in Sources */ = {isa = PBXBuildFile; fileRef = 644FF0D22649FC770075FBAF /* SceneDelegate.swift */; };
		644FF0D82649FC770075FBAF /* Main.storyboard in Resources */ = {isa = PBXBuildFile; fileRef = 644FF0D62649FC770075FBAF /* Main.storyboard */; };
		644FF0DA2649FC790075FBAF /* Assets.xcassets in Resources */ = {isa = PBXBuildFile; fileRef = 644FF0D92649FC790075FBAF /* Assets.xcassets */; };
		644FF0DD2649FC790075FBAF /* LaunchScreen.storyboard in Resources */ = {isa = PBXBuildFile; fileRef = 644FF0DB2649FC790075FBAF /* LaunchScreen.storyboard */; };
		644FF0E82649FC790075FBAF /* ParstagramTests.swift in Sources */ = {isa = PBXBuildFile; fileRef = 644FF0E72649FC790075FBAF /* ParstagramTests.swift */; };
		644FF0F32649FC790075FBAF /* ParstagramUITests.swift in Sources */ = {isa = PBXBuildFile; fileRef = 644FF0F22649FC790075FBAF /* ParstagramUITests.swift */; };
		644FF115264A01250075FBAF /* LoginViewController.swift in Sources */ = {isa = PBXBuildFile; fileRef = 644FF114264A01250075FBAF /* LoginViewController.swift */; };
		644FF11A264B3A150075FBAF /* FeedViewController.swift in Sources */ = {isa = PBXBuildFile; fileRef = 644FF119264B3A150075FBAF /* FeedViewController.swift */; };
		644FF11F264B43B30075FBAF /* CameraViewController.swift in Sources */ = {isa = PBXBuildFile; fileRef = 644FF11E264B43B30075FBAF /* CameraViewController.swift */; };
		644FF124264B55720075FBAF /* PostCell.swift in Sources */ = {isa = PBXBuildFile; fileRef = 644FF123264B55720075FBAF /* PostCell.swift */; };
		6A756D255FEFA6455B444DE0 /* Pods_ParstagramTests.framework in Frameworks */ = {isa = PBXBuildFile; fileRef = 5D3AD8D1C38AC6D5915158FE /* Pods_ParstagramTests.framework */; };
		8368E09AF4EF83840AAEA686 /* Pods_Parstagram_ParstagramUITests.framework in Frameworks */ = {isa = PBXBuildFile; fileRef = 023C796B6C6CB5E2CE473B19 /* Pods_Parstagram_ParstagramUITests.framework */; };
/* End PBXBuildFile section */

/* Begin PBXContainerItemProxy section */
		644FF0E42649FC790075FBAF /* PBXContainerItemProxy */ = {
			isa = PBXContainerItemProxy;
			containerPortal = 644FF0C52649FC770075FBAF /* Project object */;
			proxyType = 1;
			remoteGlobalIDString = 644FF0CC2649FC770075FBAF;
			remoteInfo = Parstagram;
		};
		644FF0EF2649FC790075FBAF /* PBXContainerItemProxy */ = {
			isa = PBXContainerItemProxy;
			containerPortal = 644FF0C52649FC770075FBAF /* Project object */;
			proxyType = 1;
			remoteGlobalIDString = 644FF0CC2649FC770075FBAF;
			remoteInfo = Parstagram;
		};
/* End PBXContainerItemProxy section */

/* Begin PBXFileReference section */
		023C796B6C6CB5E2CE473B19 /* Pods_Parstagram_ParstagramUITests.framework */ = {isa = PBXFileReference; explicitFileType = wrapper.framework; includeInIndex = 0; path = Pods_Parstagram_ParstagramUITests.framework; sourceTree = BUILT_PRODUCTS_DIR; };
		269430FC57D4650C3F336D28 /* Pods-ParstagramTests.debug.xcconfig */ = {isa = PBXFileReference; includeInIndex = 1; lastKnownFileType = text.xcconfig; name = "Pods-ParstagramTests.debug.xcconfig"; path = "Target Support Files/Pods-ParstagramTests/Pods-ParstagramTests.debug.xcconfig"; sourceTree = "<group>"; };
		33479FAEDC76F0CDDFF18C13 /* Pods-Parstagram.release.xcconfig */ = {isa = PBXFileReference; includeInIndex = 1; lastKnownFileType = text.xcconfig; name = "Pods-Parstagram.release.xcconfig"; path = "Target Support Files/Pods-Parstagram/Pods-Parstagram.release.xcconfig"; sourceTree = "<group>"; };
		56A46FE37039A873BCD99253 /* Pods-Parstagram-ParstagramUITests.release.xcconfig */ = {isa = PBXFileReference; includeInIndex = 1; lastKnownFileType = text.xcconfig; name = "Pods-Parstagram-ParstagramUITests.release.xcconfig"; path = "Target Support Files/Pods-Parstagram-ParstagramUITests/Pods-Parstagram-ParstagramUITests.release.xcconfig"; sourceTree = "<group>"; };
		597B78759594422CC900CDAE /* Pods_Parstagram.framework */ = {isa = PBXFileReference; explicitFileType = wrapper.framework; includeInIndex = 0; path = Pods_Parstagram.framework; sourceTree = BUILT_PRODUCTS_DIR; };
		5D3AD8D1C38AC6D5915158FE /* Pods_ParstagramTests.framework */ = {isa = PBXFileReference; explicitFileType = wrapper.framework; includeInIndex = 0; path = Pods_ParstagramTests.framework; sourceTree = BUILT_PRODUCTS_DIR; };
		644FF0CD2649FC770075FBAF /* Parstagram.app */ = {isa = PBXFileReference; explicitFileType = wrapper.application; includeInIndex = 0; path = Parstagram.app; sourceTree = BUILT_PRODUCTS_DIR; };
		644FF0D02649FC770075FBAF /* AppDelegate.swift */ = {isa = PBXFileReference; lastKnownFileType = sourcecode.swift; path = AppDelegate.swift; sourceTree = "<group>"; };
		644FF0D22649FC770075FBAF /* SceneDelegate.swift */ = {isa = PBXFileReference; lastKnownFileType = sourcecode.swift; path = SceneDelegate.swift; sourceTree = "<group>"; };
		644FF0D72649FC770075FBAF /* Base */ = {isa = PBXFileReference; lastKnownFileType = file.storyboard; name = Base; path = Base.lproj/Main.storyboard; sourceTree = "<group>"; };
		644FF0D92649FC790075FBAF /* Assets.xcassets */ = {isa = PBXFileReference; lastKnownFileType = folder.assetcatalog; path = Assets.xcassets; sourceTree = "<group>"; };
		644FF0DC2649FC790075FBAF /* Base */ = {isa = PBXFileReference; lastKnownFileType = file.storyboard; name = Base; path = Base.lproj/LaunchScreen.storyboard; sourceTree = "<group>"; };
		644FF0DE2649FC790075FBAF /* Info.plist */ = {isa = PBXFileReference; lastKnownFileType = text.plist.xml; path = Info.plist; sourceTree = "<group>"; };
		644FF0E32649FC790075FBAF /* ParstagramTests.xctest */ = {isa = PBXFileReference; explicitFileType = wrapper.cfbundle; includeInIndex = 0; path = ParstagramTests.xctest; sourceTree = BUILT_PRODUCTS_DIR; };
		644FF0E72649FC790075FBAF /* ParstagramTests.swift */ = {isa = PBXFileReference; lastKnownFileType = sourcecode.swift; path = ParstagramTests.swift; sourceTree = "<group>"; };
		644FF0E92649FC790075FBAF /* Info.plist */ = {isa = PBXFileReference; lastKnownFileType = text.plist.xml; path = Info.plist; sourceTree = "<group>"; };
		644FF0EE2649FC790075FBAF /* ParstagramUITests.xctest */ = {isa = PBXFileReference; explicitFileType = wrapper.cfbundle; includeInIndex = 0; path = ParstagramUITests.xctest; sourceTree = BUILT_PRODUCTS_DIR; };
		644FF0F22649FC790075FBAF /* ParstagramUITests.swift */ = {isa = PBXFileReference; lastKnownFileType = sourcecode.swift; path = ParstagramUITests.swift; sourceTree = "<group>"; };
		644FF0F42649FC790075FBAF /* Info.plist */ = {isa = PBXFileReference; lastKnownFileType = text.plist.xml; path = Info.plist; sourceTree = "<group>"; };
		644FF114264A01250075FBAF /* LoginViewController.swift */ = {isa = PBXFileReference; lastKnownFileType = sourcecode.swift; path = LoginViewController.swift; sourceTree = "<group>"; };
		644FF119264B3A150075FBAF /* FeedViewController.swift */ = {isa = PBXFileReference; lastKnownFileType = sourcecode.swift; path = FeedViewController.swift; sourceTree = "<group>"; };
		644FF11E264B43B30075FBAF /* CameraViewController.swift */ = {isa = PBXFileReference; lastKnownFileType = sourcecode.swift; path = CameraViewController.swift; sourceTree = "<group>"; };
		644FF123264B55720075FBAF /* PostCell.swift */ = {isa = PBXFileReference; lastKnownFileType = sourcecode.swift; path = PostCell.swift; sourceTree = "<group>"; };
		AAEBCF2A341788723C48D90C /* Pods-Parstagram.debug.xcconfig */ = {isa = PBXFileReference; includeInIndex = 1; lastKnownFileType = text.xcconfig; name = "Pods-Parstagram.debug.xcconfig"; path = "Target Support Files/Pods-Parstagram/Pods-Parstagram.debug.xcconfig"; sourceTree = "<group>"; };
		AE07962886C846E450709C3F /* Pods-ParstagramTests.release.xcconfig */ = {isa = PBXFileReference; includeInIndex = 1; lastKnownFileType = text.xcconfig; name = "Pods-ParstagramTests.release.xcconfig"; path = "Target Support Files/Pods-ParstagramTests/Pods-ParstagramTests.release.xcconfig"; sourceTree = "<group>"; };
		C39D234A3973DB30BFEE307A /* Pods-Parstagram-ParstagramUITests.debug.xcconfig */ = {isa = PBXFileReference; includeInIndex = 1; lastKnownFileType = text.xcconfig; name = "Pods-Parstagram-ParstagramUITests.debug.xcconfig"; path = "Target Support Files/Pods-Parstagram-ParstagramUITests/Pods-Parstagram-ParstagramUITests.debug.xcconfig"; sourceTree = "<group>"; };
/* End PBXFileReference section */

/* Begin PBXFrameworksBuildPhase section */
		644FF0CA2649FC770075FBAF /* Frameworks */ = {
			isa = PBXFrameworksBuildPhase;
			buildActionMask = 2147483647;
			files = (
				4E83A14A4339DEC7C1FAFCD7 /* Pods_Parstagram.framework in Frameworks */,
			);
			runOnlyForDeploymentPostprocessing = 0;
		};
		644FF0E02649FC790075FBAF /* Frameworks */ = {
			isa = PBXFrameworksBuildPhase;
			buildActionMask = 2147483647;
			files = (
				6A756D255FEFA6455B444DE0 /* Pods_ParstagramTests.framework in Frameworks */,
			);
			runOnlyForDeploymentPostprocessing = 0;
		};
		644FF0EB2649FC790075FBAF /* Frameworks */ = {
			isa = PBXFrameworksBuildPhase;
			buildActionMask = 2147483647;
			files = (
				8368E09AF4EF83840AAEA686 /* Pods_Parstagram_ParstagramUITests.framework in Frameworks */,
			);
			runOnlyForDeploymentPostprocessing = 0;
		};
/* End PBXFrameworksBuildPhase section */

/* Begin PBXGroup section */
		0C7BC5331D3FB2AB8E26ED38 /* Frameworks */ = {
			isa = PBXGroup;
			children = (
				597B78759594422CC900CDAE /* Pods_Parstagram.framework */,
				023C796B6C6CB5E2CE473B19 /* Pods_Parstagram_ParstagramUITests.framework */,
				5D3AD8D1C38AC6D5915158FE /* Pods_ParstagramTests.framework */,
			);
			name = Frameworks;
			sourceTree = "<group>";
		};
		4C0FB720E0BD229535F1EA10 /* Pods */ = {
			isa = PBXGroup;
			children = (
				AAEBCF2A341788723C48D90C /* Pods-Parstagram.debug.xcconfig */,
				33479FAEDC76F0CDDFF18C13 /* Pods-Parstagram.release.xcconfig */,
				C39D234A3973DB30BFEE307A /* Pods-Parstagram-ParstagramUITests.debug.xcconfig */,
				56A46FE37039A873BCD99253 /* Pods-Parstagram-ParstagramUITests.release.xcconfig */,
				269430FC57D4650C3F336D28 /* Pods-ParstagramTests.debug.xcconfig */,
				AE07962886C846E450709C3F /* Pods-ParstagramTests.release.xcconfig */,
			);
			path = Pods;
			sourceTree = "<group>";
		};
		644FF0C42649FC770075FBAF = {
			isa = PBXGroup;
			children = (
				644FF0CF2649FC770075FBAF /* Parstagram */,
				644FF0E62649FC790075FBAF /* ParstagramTests */,
				644FF0F12649FC790075FBAF /* ParstagramUITests */,
				644FF0CE2649FC770075FBAF /* Products */,
				4C0FB720E0BD229535F1EA10 /* Pods */,
				0C7BC5331D3FB2AB8E26ED38 /* Frameworks */,
			);
			sourceTree = "<group>";
		};
		644FF0CE2649FC770075FBAF /* Products */ = {
			isa = PBXGroup;
			children = (
				644FF0CD2649FC770075FBAF /* Parstagram.app */,
				644FF0E32649FC790075FBAF /* ParstagramTests.xctest */,
				644FF0EE2649FC790075FBAF /* ParstagramUITests.xctest */,
			);
			name = Products;
			sourceTree = "<group>";
		};
		644FF0CF2649FC770075FBAF /* Parstagram */ = {
			isa = PBXGroup;
			children = (
				644FF0D02649FC770075FBAF /* AppDelegate.swift */,
				644FF0D22649FC770075FBAF /* SceneDelegate.swift */,
				644FF0D62649FC770075FBAF /* Main.storyboard */,
				644FF0D92649FC790075FBAF /* Assets.xcassets */,
				644FF0DB2649FC790075FBAF /* LaunchScreen.storyboard */,
				644FF0DE2649FC790075FBAF /* Info.plist */,
				644FF114264A01250075FBAF /* LoginViewController.swift */,
				644FF119264B3A150075FBAF /* FeedViewController.swift */,
				644FF11E264B43B30075FBAF /* CameraViewController.swift */,
				644FF123264B55720075FBAF /* PostCell.swift */,
			);
			path = Parstagram;
			sourceTree = "<group>";
		};
		644FF0E62649FC790075FBAF /* ParstagramTests */ = {
			isa = PBXGroup;
			children = (
				644FF0E72649FC790075FBAF /* ParstagramTests.swift */,
				644FF0E92649FC790075FBAF /* Info.plist */,
			);
			path = ParstagramTests;
			sourceTree = "<group>";
		};
		644FF0F12649FC790075FBAF /* ParstagramUITests */ = {
			isa = PBXGroup;
			children = (
				644FF0F22649FC790075FBAF /* ParstagramUITests.swift */,
				644FF0F42649FC790075FBAF /* Info.plist */,
			);
			path = ParstagramUITests;
			sourceTree = "<group>";
		};
/* End PBXGroup section */

/* Begin PBXNativeTarget section */
		644FF0CC2649FC770075FBAF /* Parstagram */ = {
			isa = PBXNativeTarget;
			buildConfigurationList = 644FF0F72649FC790075FBAF /* Build configuration list for PBXNativeTarget "Parstagram" */;
			buildPhases = (
				218291BF79D6D6B087FFEE12 /* [CP] Check Pods Manifest.lock */,
				644FF0C92649FC770075FBAF /* Sources */,
				644FF0CA2649FC770075FBAF /* Frameworks */,
				644FF0CB2649FC770075FBAF /* Resources */,
				C1AA34447C822338ED550F30 /* [CP] Embed Pods Frameworks */,
			);
			buildRules = (
			);
			dependencies = (
			);
			name = Parstagram;
			productName = Parstagram;
			productReference = 644FF0CD2649FC770075FBAF /* Parstagram.app */;
			productType = "com.apple.product-type.application";
		};
		644FF0E22649FC790075FBAF /* ParstagramTests */ = {
			isa = PBXNativeTarget;
			buildConfigurationList = 644FF0FA2649FC790075FBAF /* Build configuration list for PBXNativeTarget "ParstagramTests" */;
			buildPhases = (
				CB50B9B4426199C38EBDD1E1 /* [CP] Check Pods Manifest.lock */,
				644FF0DF2649FC790075FBAF /* Sources */,
				644FF0E02649FC790075FBAF /* Frameworks */,
				644FF0E12649FC790075FBAF /* Resources */,
			);
			buildRules = (
			);
			dependencies = (
				644FF0E52649FC790075FBAF /* PBXTargetDependency */,
			);
			name = ParstagramTests;
			productName = ParstagramTests;
			productReference = 644FF0E32649FC790075FBAF /* ParstagramTests.xctest */;
			productType = "com.apple.product-type.bundle.unit-test";
		};
		644FF0ED2649FC790075FBAF /* ParstagramUITests */ = {
			isa = PBXNativeTarget;
			buildConfigurationList = 644FF0FD2649FC790075FBAF /* Build configuration list for PBXNativeTarget "ParstagramUITests" */;
			buildPhases = (
				7870692122B29824449A6907 /* [CP] Check Pods Manifest.lock */,
				644FF0EA2649FC790075FBAF /* Sources */,
				644FF0EB2649FC790075FBAF /* Frameworks */,
				644FF0EC2649FC790075FBAF /* Resources */,
				AAC771949F875F77FB4AD837 /* [CP] Embed Pods Frameworks */,
			);
			buildRules = (
			);
			dependencies = (
				644FF0F02649FC790075FBAF /* PBXTargetDependency */,
			);
			name = ParstagramUITests;
			productName = ParstagramUITests;
			productReference = 644FF0EE2649FC790075FBAF /* ParstagramUITests.xctest */;
			productType = "com.apple.product-type.bundle.ui-testing";
		};
/* End PBXNativeTarget section */

/* Begin PBXProject section */
		644FF0C52649FC770075FBAF /* Project object */ = {
			isa = PBXProject;
			attributes = {
				LastSwiftUpdateCheck = 1240;
				LastUpgradeCheck = 1240;
				TargetAttributes = {
					644FF0CC2649FC770075FBAF = {
						CreatedOnToolsVersion = 12.4;
					};
					644FF0E22649FC790075FBAF = {
						CreatedOnToolsVersion = 12.4;
						TestTargetID = 644FF0CC2649FC770075FBAF;
					};
					644FF0ED2649FC790075FBAF = {
						CreatedOnToolsVersion = 12.4;
						TestTargetID = 644FF0CC2649FC770075FBAF;
					};
				};
			};
			buildConfigurationList = 644FF0C82649FC770075FBAF /* Build configuration list for PBXProject "Parstagram" */;
			compatibilityVersion = "Xcode 9.3";
			developmentRegion = en;
			hasScannedForEncodings = 0;
			knownRegions = (
				en,
				Base,
			);
			mainGroup = 644FF0C42649FC770075FBAF;
			productRefGroup = 644FF0CE2649FC770075FBAF /* Products */;
			projectDirPath = "";
			projectRoot = "";
			targets = (
				644FF0CC2649FC770075FBAF /* Parstagram */,
				644FF0E22649FC790075FBAF /* ParstagramTests */,
				644FF0ED2649FC790075FBAF /* ParstagramUITests */,
			);
		};
/* End PBXProject section */

/* Begin PBXResourcesBuildPhase section */
		644FF0CB2649FC770075FBAF /* Resources */ = {
			isa = PBXResourcesBuildPhase;
			buildActionMask = 2147483647;
			files = (
				644FF0DD2649FC790075FBAF /* LaunchScreen.storyboard in Resources */,
				644FF0DA2649FC790075FBAF /* Assets.xcassets in Resources */,
				644FF0D82649FC770075FBAF /* Main.storyboard in Resources */,
			);
			runOnlyForDeploymentPostprocessing = 0;
		};
		644FF0E12649FC790075FBAF /* Resources */ = {
			isa = PBXResourcesBuildPhase;
			buildActionMask = 2147483647;
			files = (
			);
			runOnlyForDeploymentPostprocessing = 0;
		};
		644FF0EC2649FC790075FBAF /* Resources */ = {
			isa = PBXResourcesBuildPhase;
			buildActionMask = 2147483647;
			files = (
			);
			runOnlyForDeploymentPostprocessing = 0;
		};
/* End PBXResourcesBuildPhase section */

/* Begin PBXShellScriptBuildPhase section */
		218291BF79D6D6B087FFEE12 /* [CP] Check Pods Manifest.lock */ = {
			isa = PBXShellScriptBuildPhase;
			buildActionMask = 2147483647;
			files = (
			);
			inputFileListPaths = (
			);
			inputPaths = (
				"${PODS_PODFILE_DIR_PATH}/Podfile.lock",
				"${PODS_ROOT}/Manifest.lock",
			);
			name = "[CP] Check Pods Manifest.lock";
			outputFileListPaths = (
			);
			outputPaths = (
				"$(DERIVED_FILE_DIR)/Pods-Parstagram-checkManifestLockResult.txt",
			);
			runOnlyForDeploymentPostprocessing = 0;
			shellPath = /bin/sh;
			shellScript = "diff \"${PODS_PODFILE_DIR_PATH}/Podfile.lock\" \"${PODS_ROOT}/Manifest.lock\" > /dev/null\nif [ $? != 0 ] ; then\n    # print error to STDERR\n    echo \"error: The sandbox is not in sync with the Podfile.lock. Run 'pod install' or update your CocoaPods installation.\" >&2\n    exit 1\nfi\n# This output is used by Xcode 'outputs' to avoid re-running this script phase.\necho \"SUCCESS\" > \"${SCRIPT_OUTPUT_FILE_0}\"\n";
			showEnvVarsInLog = 0;
		};
		7870692122B29824449A6907 /* [CP] Check Pods Manifest.lock */ = {
			isa = PBXShellScriptBuildPhase;
			buildActionMask = 2147483647;
			files = (
			);
			inputFileListPaths = (
			);
			inputPaths = (
				"${PODS_PODFILE_DIR_PATH}/Podfile.lock",
				"${PODS_ROOT}/Manifest.lock",
			);
			name = "[CP] Check Pods Manifest.lock";
			outputFileListPaths = (
			);
			outputPaths = (
				"$(DERIVED_FILE_DIR)/Pods-Parstagram-ParstagramUITests-checkManifestLockResult.txt",
			);
			runOnlyForDeploymentPostprocessing = 0;
			shellPath = /bin/sh;
			shellScript = "diff \"${PODS_PODFILE_DIR_PATH}/Podfile.lock\" \"${PODS_ROOT}/Manifest.lock\" > /dev/null\nif [ $? != 0 ] ; then\n    # print error to STDERR\n    echo \"error: The sandbox is not in sync with the Podfile.lock. Run 'pod install' or update your CocoaPods installation.\" >&2\n    exit 1\nfi\n# This output is used by Xcode 'outputs' to avoid re-running this script phase.\necho \"SUCCESS\" > \"${SCRIPT_OUTPUT_FILE_0}\"\n";
			showEnvVarsInLog = 0;
		};
		AAC771949F875F77FB4AD837 /* [CP] Embed Pods Frameworks */ = {
			isa = PBXShellScriptBuildPhase;
			buildActionMask = 2147483647;
			files = (
			);
			inputFileListPaths = (
				"${PODS_ROOT}/Target Support Files/Pods-Parstagram-ParstagramUITests/Pods-Parstagram-ParstagramUITests-frameworks-${CONFIGURATION}-input-files.xcfilelist",
			);
			name = "[CP] Embed Pods Frameworks";
			outputFileListPaths = (
				"${PODS_ROOT}/Target Support Files/Pods-Parstagram-ParstagramUITests/Pods-Parstagram-ParstagramUITests-frameworks-${CONFIGURATION}-output-files.xcfilelist",
			);
			runOnlyForDeploymentPostprocessing = 0;
			shellPath = /bin/sh;
			shellScript = "\"${PODS_ROOT}/Target Support Files/Pods-Parstagram-ParstagramUITests/Pods-Parstagram-ParstagramUITests-frameworks.sh\"\n";
			showEnvVarsInLog = 0;
		};
		C1AA34447C822338ED550F30 /* [CP] Embed Pods Frameworks */ = {
			isa = PBXShellScriptBuildPhase;
			buildActionMask = 2147483647;
			files = (
			);
			inputFileListPaths = (
				"${PODS_ROOT}/Target Support Files/Pods-Parstagram/Pods-Parstagram-frameworks-${CONFIGURATION}-input-files.xcfilelist",
			);
			name = "[CP] Embed Pods Frameworks";
			outputFileListPaths = (
				"${PODS_ROOT}/Target Support Files/Pods-Parstagram/Pods-Parstagram-frameworks-${CONFIGURATION}-output-files.xcfilelist",
			);
			runOnlyForDeploymentPostprocessing = 0;
			shellPath = /bin/sh;
			shellScript = "\"${PODS_ROOT}/Target Support Files/Pods-Parstagram/Pods-Parstagram-frameworks.sh\"\n";
			showEnvVarsInLog = 0;
		};
		CB50B9B4426199C38EBDD1E1 /* [CP] Check Pods Manifest.lock */ = {
			isa = PBXShellScriptBuildPhase;
			buildActionMask = 2147483647;
			files = (
			);
			inputFileListPaths = (
			);
			inputPaths = (
				"${PODS_PODFILE_DIR_PATH}/Podfile.lock",
				"${PODS_ROOT}/Manifest.lock",
			);
			name = "[CP] Check Pods Manifest.lock";
			outputFileListPaths = (
			);
			outputPaths = (
				"$(DERIVED_FILE_DIR)/Pods-ParstagramTests-checkManifestLockResult.txt",
			);
			runOnlyForDeploymentPostprocessing = 0;
			shellPath = /bin/sh;
			shellScript = "diff \"${PODS_PODFILE_DIR_PATH}/Podfile.lock\" \"${PODS_ROOT}/Manifest.lock\" > /dev/null\nif [ $? != 0 ] ; then\n    # print error to STDERR\n    echo \"error: The sandbox is not in sync with the Podfile.lock. Run 'pod install' or update your CocoaPods installation.\" >&2\n    exit 1\nfi\n# This output is used by Xcode 'outputs' to avoid re-running this script phase.\necho \"SUCCESS\" > \"${SCRIPT_OUTPUT_FILE_0}\"\n";
			showEnvVarsInLog = 0;
		};
/* End PBXShellScriptBuildPhase section */

/* Begin PBXSourcesBuildPhase section */
		644FF0C92649FC770075FBAF /* Sources */ = {
			isa = PBXSourcesBuildPhase;
			buildActionMask = 2147483647;
			files = (
				644FF115264A01250075FBAF /* LoginViewController.swift in Sources */,
				644FF11F264B43B30075FBAF /* CameraViewController.swift in Sources */,
				644FF0D12649FC770075FBAF /* AppDelegate.swift in Sources */,
				644FF11A264B3A150075FBAF /* FeedViewController.swift in Sources */,
				644FF0D32649FC770075FBAF /* SceneDelegate.swift in Sources */,
				644FF124264B55720075FBAF /* PostCell.swift in Sources */,
			);
			runOnlyForDeploymentPostprocessing = 0;
		};
		644FF0DF2649FC790075FBAF /* Sources */ = {
			isa = PBXSourcesBuildPhase;
			buildActionMask = 2147483647;
			files = (
				644FF0E82649FC790075FBAF /* ParstagramTests.swift in Sources */,
			);
			runOnlyForDeploymentPostprocessing = 0;
		};
		644FF0EA2649FC790075FBAF /* Sources */ = {
			isa = PBXSourcesBuildPhase;
			buildActionMask = 2147483647;
			files = (
				644FF0F32649FC790075FBAF /* ParstagramUITests.swift in Sources */,
			);
			runOnlyForDeploymentPostprocessing = 0;
		};
/* End PBXSourcesBuildPhase section */

/* Begin PBXTargetDependency section */
		644FF0E52649FC790075FBAF /* PBXTargetDependency */ = {
			isa = PBXTargetDependency;
			target = 644FF0CC2649FC770075FBAF /* Parstagram */;
			targetProxy = 644FF0E42649FC790075FBAF /* PBXContainerItemProxy */;
		};
		644FF0F02649FC790075FBAF /* PBXTargetDependency */ = {
			isa = PBXTargetDependency;
			target = 644FF0CC2649FC770075FBAF /* Parstagram */;
			targetProxy = 644FF0EF2649FC790075FBAF /* PBXContainerItemProxy */;
		};
/* End PBXTargetDependency section */

/* Begin PBXVariantGroup section */
		644FF0D62649FC770075FBAF /* Main.storyboard */ = {
			isa = PBXVariantGroup;
			children = (
				644FF0D72649FC770075FBAF /* Base */,
			);
			name = Main.storyboard;
			sourceTree = "<group>";
		};
		644FF0DB2649FC790075FBAF /* LaunchScreen.storyboard */ = {
			isa = PBXVariantGroup;
			children = (
				644FF0DC2649FC790075FBAF /* Base */,
			);
			name = LaunchScreen.storyboard;
			sourceTree = "<group>";
		};
/* End PBXVariantGroup section */

/* Begin XCBuildConfiguration section */
		644FF0F52649FC790075FBAF /* Debug */ = {
			isa = XCBuildConfiguration;
			buildSettings = {
				ALWAYS_SEARCH_USER_PATHS = NO;
				CLANG_ANALYZER_NONNULL = YES;
				CLANG_ANALYZER_NUMBER_OBJECT_CONVERSION = YES_AGGRESSIVE;
				CLANG_CXX_LANGUAGE_STANDARD = "gnu++14";
				CLANG_CXX_LIBRARY = "libc++";
				CLANG_ENABLE_MODULES = YES;
				CLANG_ENABLE_OBJC_ARC = YES;
				CLANG_ENABLE_OBJC_WEAK = YES;
				CLANG_WARN_BLOCK_CAPTURE_AUTORELEASING = YES;
				CLANG_WARN_BOOL_CONVERSION = YES;
				CLANG_WARN_COMMA = YES;
				CLANG_WARN_CONSTANT_CONVERSION = YES;
				CLANG_WARN_DEPRECATED_OBJC_IMPLEMENTATIONS = YES;
				CLANG_WARN_DIRECT_OBJC_ISA_USAGE = YES_ERROR;
				CLANG_WARN_DOCUMENTATION_COMMENTS = YES;
				CLANG_WARN_EMPTY_BODY = YES;
				CLANG_WARN_ENUM_CONVERSION = YES;
				CLANG_WARN_INFINITE_RECURSION = YES;
				CLANG_WARN_INT_CONVERSION = YES;
				CLANG_WARN_NON_LITERAL_NULL_CONVERSION = YES;
				CLANG_WARN_OBJC_IMPLICIT_RETAIN_SELF = YES;
				CLANG_WARN_OBJC_LITERAL_CONVERSION = YES;
				CLANG_WARN_OBJC_ROOT_CLASS = YES_ERROR;
				CLANG_WARN_QUOTED_INCLUDE_IN_FRAMEWORK_HEADER = YES;
				CLANG_WARN_RANGE_LOOP_ANALYSIS = YES;
				CLANG_WARN_STRICT_PROTOTYPES = YES;
				CLANG_WARN_SUSPICIOUS_MOVE = YES;
				CLANG_WARN_UNGUARDED_AVAILABILITY = YES_AGGRESSIVE;
				CLANG_WARN_UNREACHABLE_CODE = YES;
				CLANG_WARN__DUPLICATE_METHOD_MATCH = YES;
				COPY_PHASE_STRIP = NO;
				DEBUG_INFORMATION_FORMAT = dwarf;
				ENABLE_STRICT_OBJC_MSGSEND = YES;
				ENABLE_TESTABILITY = YES;
				GCC_C_LANGUAGE_STANDARD = gnu11;
				GCC_DYNAMIC_NO_PIC = NO;
				GCC_NO_COMMON_BLOCKS = YES;
				GCC_OPTIMIZATION_LEVEL = 0;
				GCC_PREPROCESSOR_DEFINITIONS = (
					"DEBUG=1",
					"$(inherited)",
				);
				GCC_WARN_64_TO_32_BIT_CONVERSION = YES;
				GCC_WARN_ABOUT_RETURN_TYPE = YES_ERROR;
				GCC_WARN_UNDECLARED_SELECTOR = YES;
				GCC_WARN_UNINITIALIZED_AUTOS = YES_AGGRESSIVE;
				GCC_WARN_UNUSED_FUNCTION = YES;
				GCC_WARN_UNUSED_VARIABLE = YES;
				IPHONEOS_DEPLOYMENT_TARGET = 14.4;
				MTL_ENABLE_DEBUG_INFO = INCLUDE_SOURCE;
				MTL_FAST_MATH = YES;
				ONLY_ACTIVE_ARCH = YES;
				SDKROOT = iphoneos;
				SWIFT_ACTIVE_COMPILATION_CONDITIONS = DEBUG;
				SWIFT_OPTIMIZATION_LEVEL = "-Onone";
			};
			name = Debug;
		};
		644FF0F62649FC790075FBAF /* Release */ = {
			isa = XCBuildConfiguration;
			buildSettings = {
				ALWAYS_SEARCH_USER_PATHS = NO;
				CLANG_ANALYZER_NONNULL = YES;
				CLANG_ANALYZER_NUMBER_OBJECT_CONVERSION = YES_AGGRESSIVE;
				CLANG_CXX_LANGUAGE_STANDARD = "gnu++14";
				CLANG_CXX_LIBRARY = "libc++";
				CLANG_ENABLE_MODULES = YES;
				CLANG_ENABLE_OBJC_ARC = YES;
				CLANG_ENABLE_OBJC_WEAK = YES;
				CLANG_WARN_BLOCK_CAPTURE_AUTORELEASING = YES;
				CLANG_WARN_BOOL_CONVERSION = YES;
				CLANG_WARN_COMMA = YES;
				CLANG_WARN_CONSTANT_CONVERSION = YES;
				CLANG_WARN_DEPRECATED_OBJC_IMPLEMENTATIONS = YES;
				CLANG_WARN_DIRECT_OBJC_ISA_USAGE = YES_ERROR;
				CLANG_WARN_DOCUMENTATION_COMMENTS = YES;
				CLANG_WARN_EMPTY_BODY = YES;
				CLANG_WARN_ENUM_CONVERSION = YES;
				CLANG_WARN_INFINITE_RECURSION = YES;
				CLANG_WARN_INT_CONVERSION = YES;
				CLANG_WARN_NON_LITERAL_NULL_CONVERSION = YES;
				CLANG_WARN_OBJC_IMPLICIT_RETAIN_SELF = YES;
				CLANG_WARN_OBJC_LITERAL_CONVERSION = YES;
				CLANG_WARN_OBJC_ROOT_CLASS = YES_ERROR;
				CLANG_WARN_QUOTED_INCLUDE_IN_FRAMEWORK_HEADER = YES;
				CLANG_WARN_RANGE_LOOP_ANALYSIS = YES;
				CLANG_WARN_STRICT_PROTOTYPES = YES;
				CLANG_WARN_SUSPICIOUS_MOVE = YES;
				CLANG_WARN_UNGUARDED_AVAILABILITY = YES_AGGRESSIVE;
				CLANG_WARN_UNREACHABLE_CODE = YES;
				CLANG_WARN__DUPLICATE_METHOD_MATCH = YES;
				COPY_PHASE_STRIP = NO;
				DEBUG_INFORMATION_FORMAT = "dwarf-with-dsym";
				ENABLE_NS_ASSERTIONS = NO;
				ENABLE_STRICT_OBJC_MSGSEND = YES;
				GCC_C_LANGUAGE_STANDARD = gnu11;
				GCC_NO_COMMON_BLOCKS = YES;
				GCC_WARN_64_TO_32_BIT_CONVERSION = YES;
				GCC_WARN_ABOUT_RETURN_TYPE = YES_ERROR;
				GCC_WARN_UNDECLARED_SELECTOR = YES;
				GCC_WARN_UNINITIALIZED_AUTOS = YES_AGGRESSIVE;
				GCC_WARN_UNUSED_FUNCTION = YES;
				GCC_WARN_UNUSED_VARIABLE = YES;
				IPHONEOS_DEPLOYMENT_TARGET = 14.4;
				MTL_ENABLE_DEBUG_INFO = NO;
				MTL_FAST_MATH = YES;
				SDKROOT = iphoneos;
				SWIFT_COMPILATION_MODE = wholemodule;
				SWIFT_OPTIMIZATION_LEVEL = "-O";
				VALIDATE_PRODUCT = YES;
			};
			name = Release;
		};
		644FF0F82649FC790075FBAF /* Debug */ = {
			isa = XCBuildConfiguration;
			baseConfigurationReference = AAEBCF2A341788723C48D90C /* Pods-Parstagram.debug.xcconfig */;
			buildSettings = {
				ASSETCATALOG_COMPILER_APPICON_NAME = AppIcon;
				ASSETCATALOG_COMPILER_GLOBAL_ACCENT_COLOR_NAME = AccentColor;
				CODE_SIGN_STYLE = Automatic;
				INFOPLIST_FILE = Parstagram/Info.plist;
				LD_RUNPATH_SEARCH_PATHS = (
					"$(inherited)",
					"@executable_path/Frameworks",
				);
				PRODUCT_BUNDLE_IDENTIFIER = "tiffany-meng.Parstagram";
				PRODUCT_NAME = "$(TARGET_NAME)";
				SWIFT_VERSION = 5.0;
				TARGETED_DEVICE_FAMILY = "1,2";
			};
			name = Debug;
		};
		644FF0F92649FC790075FBAF /* Release */ = {
			isa = XCBuildConfiguration;
			baseConfigurationReference = 33479FAEDC76F0CDDFF18C13 /* Pods-Parstagram.release.xcconfig */;
			buildSettings = {
				ASSETCATALOG_COMPILER_APPICON_NAME = AppIcon;
				ASSETCATALOG_COMPILER_GLOBAL_ACCENT_COLOR_NAME = AccentColor;
				CODE_SIGN_STYLE = Automatic;
				INFOPLIST_FILE = Parstagram/Info.plist;
				LD_RUNPATH_SEARCH_PATHS = (
					"$(inherited)",
					"@executable_path/Frameworks",
				);
				PRODUCT_BUNDLE_IDENTIFIER = "tiffany-meng.Parstagram";
				PRODUCT_NAME = "$(TARGET_NAME)";
				SWIFT_VERSION = 5.0;
				TARGETED_DEVICE_FAMILY = "1,2";
			};
			name = Release;
		};
		644FF0FB2649FC790075FBAF /* Debug */ = {
			isa = XCBuildConfiguration;
			baseConfigurationReference = 269430FC57D4650C3F336D28 /* Pods-ParstagramTests.debug.xcconfig */;
			buildSettings = {
				ALWAYS_EMBED_SWIFT_STANDARD_LIBRARIES = YES;
				BUNDLE_LOADER = "$(TEST_HOST)";
				CODE_SIGN_STYLE = Automatic;
				INFOPLIST_FILE = ParstagramTests/Info.plist;
				IPHONEOS_DEPLOYMENT_TARGET = 14.4;
				LD_RUNPATH_SEARCH_PATHS = (
					"$(inherited)",
					"@executable_path/Frameworks",
					"@loader_path/Frameworks",
				);
				PRODUCT_BUNDLE_IDENTIFIER = "tiffany-meng.ParstagramTests";
				PRODUCT_NAME = "$(TARGET_NAME)";
				SWIFT_VERSION = 5.0;
				TARGETED_DEVICE_FAMILY = "1,2";
				TEST_HOST = "$(BUILT_PRODUCTS_DIR)/Parstagram.app/Parstagram";
			};
			name = Debug;
		};
		644FF0FC2649FC790075FBAF /* Release */ = {
			isa = XCBuildConfiguration;
			baseConfigurationReference = AE07962886C846E450709C3F /* Pods-ParstagramTests.release.xcconfig */;
			buildSettings = {
				ALWAYS_EMBED_SWIFT_STANDARD_LIBRARIES = YES;
				BUNDLE_LOADER = "$(TEST_HOST)";
				CODE_SIGN_STYLE = Automatic;
				INFOPLIST_FILE = ParstagramTests/Info.plist;
				IPHONEOS_DEPLOYMENT_TARGET = 14.4;
				LD_RUNPATH_SEARCH_PATHS = (
					"$(inherited)",
					"@executable_path/Frameworks",
					"@loader_path/Frameworks",
				);
				PRODUCT_BUNDLE_IDENTIFIER = "tiffany-meng.ParstagramTests";
				PRODUCT_NAME = "$(TARGET_NAME)";
				SWIFT_VERSION = 5.0;
				TARGETED_DEVICE_FAMILY = "1,2";
				TEST_HOST = "$(BUILT_PRODUCTS_DIR)/Parstagram.app/Parstagram";
			};
			name = Release;
		};
		644FF0FE2649FC790075FBAF /* Debug */ = {
			isa = XCBuildConfiguration;
			baseConfigurationReference = C39D234A3973DB30BFEE307A /* Pods-Parstagram-ParstagramUITests.debug.xcconfig */;
			buildSettings = {
				ALWAYS_EMBED_SWIFT_STANDARD_LIBRARIES = YES;
				CODE_SIGN_STYLE = Automatic;
				INFOPLIST_FILE = ParstagramUITests/Info.plist;
				LD_RUNPATH_SEARCH_PATHS = (
					"$(inherited)",
					"@executable_path/Frameworks",
					"@loader_path/Frameworks",
				);
				PRODUCT_BUNDLE_IDENTIFIER = "tiffany-meng.ParstagramUITests";
				PRODUCT_NAME = "$(TARGET_NAME)";
				SWIFT_VERSION = 5.0;
				TARGETED_DEVICE_FAMILY = "1,2";
				TEST_TARGET_NAME = Parstagram;
			};
			name = Debug;
		};
		644FF0FF2649FC790075FBAF /* Release */ = {
			isa = XCBuildConfiguration;
			baseConfigurationReference = 56A46FE37039A873BCD99253 /* Pods-Parstagram-ParstagramUITests.release.xcconfig */;
			buildSettings = {
				ALWAYS_EMBED_SWIFT_STANDARD_LIBRARIES = YES;
				CODE_SIGN_STYLE = Automatic;
				INFOPLIST_FILE = ParstagramUITests/Info.plist;
				LD_RUNPATH_SEARCH_PATHS = (
					"$(inherited)",
					"@executable_path/Frameworks",
					"@loader_path/Frameworks",
				);
				PRODUCT_BUNDLE_IDENTIFIER = "tiffany-meng.ParstagramUITests";
				PRODUCT_NAME = "$(TARGET_NAME)";
				SWIFT_VERSION = 5.0;
				TARGETED_DEVICE_FAMILY = "1,2";
				TEST_TARGET_NAME = Parstagram;
			};
			name = Release;
		};
/* End XCBuildConfiguration section */

/* Begin XCConfigurationList section */
		644FF0C82649FC770075FBAF /* Build configuration list for PBXProject "Parstagram" */ = {
			isa = XCConfigurationList;
			buildConfigurations = (
				644FF0F52649FC790075FBAF /* Debug */,
				644FF0F62649FC790075FBAF /* Release */,
			);
			defaultConfigurationIsVisible = 0;
			defaultConfigurationName = Release;
		};
		644FF0F72649FC790075FBAF /* Build configuration list for PBXNativeTarget "Parstagram" */ = {
			isa = XCConfigurationList;
			buildConfigurations = (
				644FF0F82649FC790075FBAF /* Debug */,
				644FF0F92649FC790075FBAF /* Release */,
			);
			defaultConfigurationIsVisible = 0;
			defaultConfigurationName = Release;
		};
		644FF0FA2649FC790075FBAF /* Build configuration list for PBXNativeTarget "ParstagramTests" */ = {
			isa = XCConfigurationList;
			buildConfigurations = (
				644FF0FB2649FC790075FBAF /* Debug */,
				644FF0FC2649FC790075FBAF /* Release */,
			);
			defaultConfigurationIsVisible = 0;
			defaultConfigurationName = Release;
		};
		644FF0FD2649FC790075FBAF /* Build configuration list for PBXNativeTarget "ParstagramUITests" */ = {
			isa = XCConfigurationList;
			buildConfigurations = (
				644FF0FE2649FC790075FBAF /* Debug */,
				644FF0FF2649FC790075FBAF /* Release */,
			);
			defaultConfigurationIsVisible = 0;
			defaultConfigurationName = Release;
		};
/* End XCConfigurationList section */
	};
	rootObject = 644FF0C52649FC770075FBAF /* Project object */;
}
